# This file is autogenerated, do not edit; changes may be undone by the next 'dep ensure'.


[[projects]]
  digest = "1:11872ccb4422bdcc0a7c7a9cf7924211d88dc0aed7b0173c95afd87c48d2c396"
  name = "github.com/aws/aws-lambda-go"
  packages = [
    "events",
    "lambda",
    "lambda/handlertrace",
    "lambda/messages",
    "lambdacontext",
  ]
  pruneopts = ""
  revision = "5d6413264f82afaa7587b56e3f09f1422c898c68"
  version = "v1.24.0"

[[projects]]
  digest = "1:56c130d885a4aacae1dd9c7b71cfe39912c7ebc1ff7d2b46083c8812996dc43b"
  name = "github.com/davecgh/go-spew"
  packages = ["spew"]
  pruneopts = ""
  revision = "346938d642f2ec3594ed81d874461961cd0faa76"
  version = "v1.1.0"

[[projects]]
  branch = "master"
  digest = "1:17a07b60ea50bffc1e8bd84cf4f1e5fcc07f9a5f1c50bbbe3baebc91664fb772"
  name = "github.com/jteeuwen/go-bindata"
  packages = [
    ".",
    "go-bindata",
  ]
  pruneopts = ""
  revision = "6025e8de665b31fa74ab1a66f2cddd8c0abf887e"

[[projects]]
  branch = "master"
  digest = "1:ccc20cacf54eb16464dad02efa1c14fa7c0b9e124639b0d2a51dcc87b0154e4c"
  name = "github.com/mailru/easyjson"
  packages = [
    ".",
    "buffer",
    "jlexer",
    "jwriter",
  ]
  pruneopts = ""
  revision = "32fa128f234d041f196a9f3e0fea5ac9772c08e1"

[[projects]]
  digest = "1:208320a64803b8cda4f8263d3cdc30dd04e9c871ae5e6cfc3d862e263da2e51d"
  name = "github.com/olivere/elastic"
  packages = [
    "config",
    "uritemplates",
  ]
  pruneopts = ""
  revision = "c51e74f9bcab8906a2f6cf5660dac396ba51b3d6"
  version = "v6.1.4"

[[projects]]
  digest = "1:7365acd48986e205ccb8652cc746f09c8b7876030d53710ea6ef7d0bd0dcd7ca"
  name = "github.com/pkg/errors"
  packages = ["."]
  pruneopts = ""
  revision = "645ef00459ed84a119197bfb8d8205042c6df63d"
  version = "v0.8.0"

[[projects]]
  digest = "1:256484dbbcd271f9ecebc6795b2df8cad4c458dd0f5fd82a8c2fa0c29f233411"
  name = "github.com/pmezard/go-difflib"
  packages = ["difflib"]
  pruneopts = ""
  revision = "792786c7400a136282c1664665ae0a8db921c6c2"
  version = "v1.0.0"

[[projects]]
  branch = "master"
  digest = "1:d08ec359e14b40a257dd92198c6dbc9f5e16468eabf0597391e5836884b51a81"
  name = "github.com/stretchr/testify"
  packages = [
    "assert",
    "require",
  ]
  pruneopts = ""
  revision = "6241f9ab994219cafb009b160a20acf4a62063aa"

[[projects]]
  branch = "master"
  digest = "1:dd275b17b08ad316ab1e69396a09085b65b0a728869bd406d0515f2f08ad4571"
  name = "github.com/xeipuuv/gojsonpointer"
  packages = ["."]
  pruneopts = ""
  revision = "6fe8760cad3569743d51ddbb243b26f8456742dc"

[[projects]]
  branch = "master"
  digest = "1:feb667646650e600036a4731f959e746eb755970fc2c8a3d54c66a0cde7ac69d"
  name = "github.com/xeipuuv/gojsonreference"
  packages = ["."]
  pruneopts = ""
  revision = "e02fc20de94c78484cd5ffb007f8af96be030a45"

[[projects]]
  branch = "master"
  digest = "1:61c4090eb4f4c7941e77aa64c281f3f47983a68f4466c63b7471bfa4d739be50"
  name = "github.com/xeipuuv/gojsonschema"
  packages = ["."]
  pruneopts = ""
  revision = "511d08a359d14c0dd9c4302af52ee9abb6f93c2a"

[[projects]]
  digest = "1:a75860b138902874bd662bbece9a20bb00e1becd9685a7b8725b97d2d1638868"
  name = "gopkg.in/Clever/kayvee-go.v6"
  packages = [
    ".",
    "logger",
    "router",
  ]
  pruneopts = ""
  revision = "0bc43c50b588a5f53a3be0157cc6d21eb0bc797e"
  version = "v6.26.0"

[[projects]]
  digest = "1:598f5e295ba83da7aa694f327e59a39bcaa5520d556cf4e349bbd61c2b4513fe"
  name = "gopkg.in/olivere/elastic.v6"
  packages = ["."]
  pruneopts = ""
  revision = "9a5942842e80bd3c67c6bf9385a32a6c29eba0e4"
  version = "v6.2.19"

[[projects]]
  branch = "v2"
  digest = "1:cd78af685c4c12af0f2e9526f504ab3b18ef06130b325729e096dfe5a807ea86"
  name = "gopkg.in/yaml.v2"
  packages = ["."]
  pruneopts = ""
  revision = "1244d3ce02e3e1c16820ada0bae506b6c479f106"

[[projects]]
  branch = "v3"
  digest = "1:3f081584f03a869274b31afe33c22ce278c53767cb58963916746109e1d50535"
  name = "gopkg.in/yaml.v3"
  packages = ["."]
  pruneopts = ""
  revision = "496545a6307b2a7d7a710fd516e5e16e8ab62dbc"

[solve-meta]
  analyzer-name = "dep"
  analyzer-version = 1
  input-imports = [
    "github.com/aws/aws-lambda-go/events",
    "github.com/aws/aws-lambda-go/lambda",
    "github.com/jteeuwen/go-bindata/go-bindata",
    "github.com/stretchr/testify/assert",
    "github.com/stretchr/testify/require",
    "gopkg.in/Clever/kayvee-go.v6/logger",
    "gopkg.in/olivere/elastic.v6",
  ]
  solver-name = "gps-cdcl"
  solver-version = 1
